
Microsoft Visual Studio Solution File, Format Version 12.00
# Visual Studio Version 17
VisualStudioVersion = 17.7.34202.233
MinimumVisualStudioVersion = 10.0.40219.1
Project("{FAE04EC0-301F-11D3-BF4B-00C04F79EFBC}") = "WinFormsApp2", "WinFormsApp2\WinFormsApp2.csproj", "{B825303E-4A39-49E2-9B96-4D24A55BAAEF}"
EndProject
Global
	GlobalSection(SolutionConfigurationPlatforms) = preSolution
		Debug|Any CPU = Debug|Any CPU
		Release|Any CPU = Release|Any CPU
	EndGlobalSection
	GlobalSection(ProjectConfigurationPlatforms) = postSolution
		{B825303E-4A39-49E2-9B96-4D24A55BAAEF}.Debug|Any CPU.ActiveCfg = Debug|Any CPU
		{B825303E-4A39-49E2-9B96-4D24A55BAAEF}.Debug|Any CPU.Build.0 = Debug|Any CPU
		{B825303E-4A39-49E2-9B96-4D24A55BAAEF}.Release|Any CPU.ActiveCfg = Release|Any CPU
		{B825303E-4A39-49E2-9B96-4D24A55BAAEF}.Release|Any CPU.Build.0 = Release|Any CPU
	EndGlobalSection
	GlobalSection(SolutionProperties) = preSolution
		HideSolutionNode = FALSE
	EndGlobalSection
	GlobalSection(ExtensibilityGlobals) = postSolution
		SolutionGuid = {F9B812B3-DF35-4999-B77B-ADEE992B04DE}
	EndGlobalSection
EndGlobal
